// !$*UTF8*$!
{
	archiveVersion = 1;
	classes = {
	};
	objectVersion = 55;
	objects = {

/* Begin PBXBuildFile section */
		D282985D28099D5B00B3C773 /* AppDelegate.swift in Sources */ = {isa = PBXBuildFile; fileRef = D282985C28099D5B00B3C773 /* AppDelegate.swift */; };
		D282985F28099D5B00B3C773 /* SceneDelegate.swift in Sources */ = {isa = PBXBuildFile; fileRef = D282985E28099D5B00B3C773 /* SceneDelegate.swift */; };
		D282986128099D5B00B3C773 /* MainViewContriller.swift in Sources */ = {isa = PBXBuildFile; fileRef = D282986028099D5B00B3C773 /* MainViewContriller.swift */; };
		D282986428099D5B00B3C773 /* Main.storyboard in Resources */ = {isa = PBXBuildFile; fileRef = D282986228099D5B00B3C773 /* Main.storyboard */; };
		D282986628099D6000B3C773 /* Assets.xcassets in Resources */ = {isa = PBXBuildFile; fileRef = D282986528099D6000B3C773 /* Assets.xcassets */; };
		D282986928099D6000B3C773 /* LaunchScreen.storyboard in Resources */ = {isa = PBXBuildFile; fileRef = D282986728099D6000B3C773 /* LaunchScreen.storyboard */; };
		D299F76228103A2E00FE86D1 /* GroupTableViewCell.swift in Sources */ = {isa = PBXBuildFile; fileRef = D299F76128103A2E00FE86D1 /* GroupTableViewCell.swift */; };
		D2DC4B9E280D920D00E698F5 /* CheckListGroup.swift in Sources */ = {isa = PBXBuildFile; fileRef = D2DC4B9D280D920D00E698F5 /* CheckListGroup.swift */; };
/* End PBXBuildFile section */

/* Begin PBXFileReference section */
		D282985928099D5B00B3C773 /* Checklists01.app */ = {isa = PBXFileReference; explicitFileType = wrapper.application; includeInIndex = 0; path = Checklists01.app; sourceTree = BUILT_PRODUCTS_DIR; };
		D282985C28099D5B00B3C773 /* AppDelegate.swift */ = {isa = PBXFileReference; lastKnownFileType = sourcecode.swift; path = AppDelegate.swift; sourceTree = "<group>"; };
		D282985E28099D5B00B3C773 /* SceneDelegate.swift */ = {isa = PBXFileReference; lastKnownFileType = sourcecode.swift; path = SceneDelegate.swift; sourceTree = "<group>"; };
		D282986028099D5B00B3C773 /* MainViewContriller.swift */ = {isa = PBXFileReference; lastKnownFileType = sourcecode.swift; path = MainViewContriller.swift; sourceTree = "<group>"; };
		D282986328099D5B00B3C773 /* Base */ = {isa = PBXFileReference; lastKnownFileType = file.storyboard; name = Base; path = Base.lproj/Main.storyboard; sourceTree = "<group>"; };
		D282986528099D6000B3C773 /* Assets.xcassets */ = {isa = PBXFileReference; lastKnownFileType = folder.assetcatalog; path = Assets.xcassets; sourceTree = "<group>"; };
		D282986828099D6000B3C773 /* Base */ = {isa = PBXFileReference; lastKnownFileType = file.storyboard; name = Base; path = Base.lproj/LaunchScreen.storyboard; sourceTree = "<group>"; };
		D282986A28099D6000B3C773 /* Info.plist */ = {isa = PBXFileReference; lastKnownFileType = text.plist.xml; path = Info.plist; sourceTree = "<group>"; };
		D299F76128103A2E00FE86D1 /* GroupTableViewCell.swift */ = {isa = PBXFileReference; lastKnownFileType = sourcecode.swift; name = GroupTableViewCell.swift; path = ../../../../Developer/GroupTableViewCell.swift; sourceTree = "<group>"; };
		D2DC4B9D280D920D00E698F5 /* CheckListGroup.swift */ = {isa = PBXFileReference; lastKnownFileType = sourcecode.swift; path = CheckListGroup.swift; sourceTree = "<group>"; };
/* End PBXFileReference section */

/* Begin PBXFrameworksBuildPhase section */
		D282985628099D5B00B3C773 /* Frameworks */ = {
			isa = PBXFrameworksBuildPhase;
			buildActionMask = 2147483647;
			files = (
			);
			runOnlyForDeploymentPostprocessing = 0;
		};
/* End PBXFrameworksBuildPhase section */

/* Begin PBXGroup section */
		D282985028099D5B00B3C773 = {
			isa = PBXGroup;
			children = (
				D282985B28099D5B00B3C773 /* Checklists01 */,
				D282985A28099D5B00B3C773 /* Products */,
			);
			sourceTree = "<group>";
		};
		D282985A28099D5B00B3C773 /* Products */ = {
			isa = PBXGroup;
			children = (
				D282985928099D5B00B3C773 /* Checklists01.app */,
			);
			name = Products;
			sourceTree = "<group>";
		};
		D282985B28099D5B00B3C773 /* Checklists01 */ = {
			isa = PBXGroup;
			children = (
				D299F75F2810399E00FE86D1 /* Cells */,
				D2DC4B9C280D91C500E698F5 /* Models */,
				D282985C28099D5B00B3C773 /* AppDelegate.swift */,
				D282985E28099D5B00B3C773 /* SceneDelegate.swift */,
				D282986028099D5B00B3C773 /* MainViewContriller.swift */,
				D282986228099D5B00B3C773 /* Main.storyboard */,
				D282986528099D6000B3C773 /* Assets.xcassets */,
				D282986728099D6000B3C773 /* LaunchScreen.storyboard */,
				D282986A28099D6000B3C773 /* Info.plist */,
			);
			path = Checklists01;
			sourceTree = "<group>";
		};
		D299F75F2810399E00FE86D1 /* Cells */ = {
			isa = PBXGroup;
			children = (
				D299F76128103A2E00FE86D1 /* GroupTableViewCell.swift */,
			);
			path = Cells;
			sourceTree = "<group>";
		};
		D2DC4B9C280D91C500E698F5 /* Models */ = {
			isa = PBXGroup;
			children = (
				D2DC4B9D280D920D00E698F5 /* CheckListGroup.swift */,
			);
			path = Models;
			sourceTree = "<group>";
		};
/* End PBXGroup section */

/* Begin PBXNativeTarget section */
		D282985828099D5B00B3C773 /* Checklists01 */ = {
			isa = PBXNativeTarget;
			buildConfigurationList = D282986D28099D6000B3C773 /* Build configuration list for PBXNativeTarget "Checklists01" */;
			buildPhases = (
				D282985528099D5B00B3C773 /* Sources */,
				D282985628099D5B00B3C773 /* Frameworks */,
				D282985728099D5B00B3C773 /* Resources */,
			);
			buildRules = (
			);
			dependencies = (
			);
			name = Checklists01;
			productName = Checklists01;
			productReference = D282985928099D5B00B3C773 /* Checklists01.app */;
			productType = "com.apple.product-type.application";
		};
/* End PBXNativeTarget section */

/* Begin PBXProject section */
		D282985128099D5B00B3C773 /* Project object */ = {
			isa = PBXProject;
			attributes = {
				BuildIndependentTargetsInParallel = 1;
				LastSwiftUpdateCheck = 1330;
				LastUpgradeCheck = 1330;
				TargetAttributes = {
					D282985828099D5B00B3C773 = {
						CreatedOnToolsVersion = 13.3;
					};
				};
			};
			buildConfigurationList = D282985428099D5B00B3C773 /* Build configuration list for PBXProject "Checklists01" */;
			compatibilityVersion = "Xcode 13.0";
			developmentRegion = en;
			hasScannedForEncodings = 0;
			knownRegions = (
				en,
				Base,
			);
			mainGroup = D282985028099D5B00B3C773;
			productRefGroup = D282985A28099D5B00B3C773 /* Products */;
			projectDirPath = "";
			projectRoot = "";
			targets = (
				D282985828099D5B00B3C773 /* Checklists01 */,
			);
		};
/* End PBXProject section */

/* Begin PBXResourcesBuildPhase section */
		D282985728099D5B00B3C773 /* Resources */ = {
			isa = PBXResourcesBuildPhase;
			buildActionMask = 2147483647;
			files = (
				D282986928099D6000B3C773 /* LaunchScreen.storyboard in Resources */,
				D282986628099D6000B3C773 /* Assets.xcassets in Resources */,
				D282986428099D5B00B3C773 /* Main.storyboard in Resources */,
			);
			runOnlyForDeploymentPostprocessing = 0;
		};
/* End PBXResourcesBuildPhase section */

/* Begin PBXSourcesBuildPhase section */
		D282985528099D5B00B3C773 /* Sources */ = {
			isa = PBXSourcesBuildPhase;
			buildActionMask = 2147483647;
			files = (
				D299F76228103A2E00FE86D1 /* GroupTableViewCell.swift in Sources */,
				D282986128099D5B00B3C773 /* MainViewContriller.swift in Sources */,
				D282985D28099D5B00B3C773 /* AppDelegate.swift in Sources */,
				D2DC4B9E280D920D00E698F5 /* CheckListGroup.swift in Sources */,
				D282985F28099D5B00B3C773 /* SceneDelegate.swift in Sources */,
			);
			runOnlyForDeploymentPostprocessing = 0;
		};
/* End PBXSourcesBuildPhase section */

/* Begin PBXVariantGroup section */
		D282986228099D5B00B3C773 /* Main.storyboard */ = {
			isa = PBXVariantGroup;
			children = (
				D282986328099D5B00B3C773 /* Base */,
			);
			name = Main.storyboard;
			sourceTree = "<group>";
		};
		D282986728099D6000B3C773 /* LaunchScreen.storyboard */ = {
			isa = PBXVariantGroup;
			children = (
				D282986828099D6000B3C773 /* Base */,
			);
			name = LaunchScreen.storyboard;
			sourceTree = "<group>";
		};
/* End PBXVariantGroup section */

/* Begin XCBuildConfiguration section */
		D282986B28099D6000B3C773 /* Debug */ = {
			isa = XCBuildConfiguration;
			buildSettings = {
				ALWAYS_SEARCH_USER_PATHS = NO;
				CLANG_ANALYZER_NONNULL = YES;
				CLANG_ANALYZER_NUMBER_OBJECT_CONVERSION = YES_AGGRESSIVE;
				CLANG_CXX_LANGUAGE_STANDARD = "gnu++17";
				CLANG_ENABLE_MODULES = YES;
				CLANG_ENABLE_OBJC_ARC = YES;
				CLANG_ENABLE_OBJC_WEAK = YES;
				CLANG_WARN_BLOCK_CAPTURE_AUTORELEASING = YES;
				CLANG_WARN_BOOL_CONVERSION = YES;
				CLANG_WARN_COMMA = YES;
				CLANG_WARN_CONSTANT_CONVERSION = YES;
				CLANG_WARN_DEPRECATED_OBJC_IMPLEMENTATIONS = YES;
				CLANG_WARN_DIRECT_OBJC_ISA_USAGE = YES_ERROR;
				CLANG_WARN_DOCUMENTATION_COMMENTS = YES;
				CLANG_WARN_EMPTY_BODY = YES;
				CLANG_WARN_ENUM_CONVERSION = YES;
				CLANG_WARN_INFINITE_RECURSION = YES;
				CLANG_WARN_INT_CONVERSION = YES;
				CLANG_WARN_NON_LITERAL_NULL_CONVERSION = YES;
				CLANG_WARN_OBJC_IMPLICIT_RETAIN_SELF = YES;
				CLANG_WARN_OBJC_LITERAL_CONVERSION = YES;
				CLANG_WARN_OBJC_ROOT_CLASS = YES_ERROR;
				CLANG_WARN_QUOTED_INCLUDE_IN_FRAMEWORK_HEADER = YES;
				CLANG_WARN_RANGE_LOOP_ANALYSIS = YES;
				CLANG_WARN_STRICT_PROTOTYPES = YES;
				CLANG_WARN_SUSPICIOUS_MOVE = YES;
				CLANG_WARN_UNGUARDED_AVAILABILITY = YES_AGGRESSIVE;
				CLANG_WARN_UNREACHABLE_CODE = YES;
				CLANG_WARN__DUPLICATE_METHOD_MATCH = YES;
				COPY_PHASE_STRIP = NO;
				DEBUG_INFORMATION_FORMAT = dwarf;
				ENABLE_STRICT_OBJC_MSGSEND = YES;
				ENABLE_TESTABILITY = YES;
				GCC_C_LANGUAGE_STANDARD = gnu11;
				GCC_DYNAMIC_NO_PIC = NO;
				GCC_NO_COMMON_BLOCKS = YES;
				GCC_OPTIMIZATION_LEVEL = 0;
				GCC_PREPROCESSOR_DEFINITIONS = (
					"DEBUG=1",
					"$(inherited)",
				);
				GCC_WARN_64_TO_32_BIT_CONVERSION = YES;
				GCC_WARN_ABOUT_RETURN_TYPE = YES_ERROR;
				GCC_WARN_UNDECLARED_SELECTOR = YES;
				GCC_WARN_UNINITIALIZED_AUTOS = YES_AGGRESSIVE;
				GCC_WARN_UNUSED_FUNCTION = YES;
				GCC_WARN_UNUSED_VARIABLE = YES;
				IPHONEOS_DEPLOYMENT_TARGET = 15.4;
				MTL_ENABLE_DEBUG_INFO = INCLUDE_SOURCE;
				MTL_FAST_MATH = YES;
				ONLY_ACTIVE_ARCH = YES;
				SDKROOT = iphoneos;
				SWIFT_ACTIVE_COMPILATION_CONDITIONS = DEBUG;
				SWIFT_OPTIMIZATION_LEVEL = "-Onone";
			};
			name = Debug;
		};
		D282986C28099D6000B3C773 /* Release */ = {
			isa = XCBuildConfiguration;
			buildSettings = {
				ALWAYS_SEARCH_USER_PATHS = NO;
				CLANG_ANALYZER_NONNULL = YES;
				CLANG_ANALYZER_NUMBER_OBJECT_CONVERSION = YES_AGGRESSIVE;
				CLANG_CXX_LANGUAGE_STANDARD = "gnu++17";
				CLANG_ENABLE_MODULES = YES;
				CLANG_ENABLE_OBJC_ARC = YES;
				CLANG_ENABLE_OBJC_WEAK = YES;
				CLANG_WARN_BLOCK_CAPTURE_AUTORELEASING = YES;
				CLANG_WARN_BOOL_CONVERSION = YES;
				CLANG_WARN_COMMA = YES;
				CLANG_WARN_CONSTANT_CONVERSION = YES;
				CLANG_WARN_DEPRECATED_OBJC_IMPLEMENTATIONS = YES;
				CLANG_WARN_DIRECT_OBJC_ISA_USAGE = YES_ERROR;
				CLANG_WARN_DOCUMENTATION_COMMENTS = YES;
				CLANG_WARN_EMPTY_BODY = YES;
				CLANG_WARN_ENUM_CONVERSION = YES;
				CLANG_WARN_INFINITE_RECURSION = YES;
				CLANG_WARN_INT_CONVERSION = YES;
				CLANG_WARN_NON_LITERAL_NULL_CONVERSION = YES;
				CLANG_WARN_OBJC_IMPLICIT_RETAIN_SELF = YES;
				CLANG_WARN_OBJC_LITERAL_CONVERSION = YES;
				CLANG_WARN_OBJC_ROOT_CLASS = YES_ERROR;
				CLANG_WARN_QUOTED_INCLUDE_IN_FRAMEWORK_HEADER = YES;
				CLANG_WARN_RANGE_LOOP_ANALYSIS = YES;
				CLANG_WARN_STRICT_PROTOTYPES = YES;
				CLANG_WARN_SUSPICIOUS_MOVE = YES;
				CLANG_WARN_UNGUARDED_AVAILABILITY = YES_AGGRESSIVE;
				CLANG_WARN_UNREACHABLE_CODE = YES;
				CLANG_WARN__DUPLICATE_METHOD_MATCH = YES;
				COPY_PHASE_STRIP = NO;
				DEBUG_INFORMATION_FORMAT = "dwarf-with-dsym";
				ENABLE_NS_ASSERTIONS = NO;
				ENABLE_STRICT_OBJC_MSGSEND = YES;
				GCC_C_LANGUAGE_STANDARD = gnu11;
				GCC_NO_COMMON_BLOCKS = YES;
				GCC_WARN_64_TO_32_BIT_CONVERSION = YES;
				GCC_WARN_ABOUT_RETURN_TYPE = YES_ERROR;
				GCC_WARN_UNDECLARED_SELECTOR = YES;
				GCC_WARN_UNINITIALIZED_AUTOS = YES_AGGRESSIVE;
				GCC_WARN_UNUSED_FUNCTION = YES;
				GCC_WARN_UNUSED_VARIABLE = YES;
				IPHONEOS_DEPLOYMENT_TARGET = 15.4;
				MTL_ENABLE_DEBUG_INFO = NO;
				MTL_FAST_MATH = YES;
				SDKROOT = iphoneos;
				SWIFT_COMPILATION_MODE = wholemodule;
				SWIFT_OPTIMIZATION_LEVEL = "-O";
				VALIDATE_PRODUCT = YES;
			};
			name = Release;
		};
		D282986E28099D6000B3C773 /* Debug */ = {
			isa = XCBuildConfiguration;
			buildSettings = {
				ASSETCATALOG_COMPILER_APPICON_NAME = AppIcon;
				ASSETCATALOG_COMPILER_GLOBAL_ACCENT_COLOR_NAME = AccentColor;
				CODE_SIGN_STYLE = Automatic;
				CURRENT_PROJECT_VERSION = 1;
				GENERATE_INFOPLIST_FILE = YES;
				INFOPLIST_FILE = Checklists01/Info.plist;
				INFOPLIST_KEY_UIApplicationSupportsIndirectInputEvents = YES;
				INFOPLIST_KEY_UILaunchStoryboardName = LaunchScreen;
				INFOPLIST_KEY_UIMainStoryboardFile = Main;
				INFOPLIST_KEY_UISupportedInterfaceOrientations = UIInterfaceOrientationPortrait;
				INFOPLIST_KEY_UISupportedInterfaceOrientations_iPad = "UIInterfaceOrientationPortrait UIInterfaceOrientationPortraitUpsideDown UIInterfaceOrientationLandscapeLeft UIInterfaceOrientationLandscapeRight";
				INFOPLIST_KEY_UISupportedInterfaceOrientations_iPhone = "UIInterfaceOrientationPortrait UIInterfaceOrientationLandscapeLeft UIInterfaceOrientationLandscapeRight";
				LD_RUNPATH_SEARCH_PATHS = (
					"$(inherited)",
					"@executable_path/Frameworks",
				);
				MARKETING_VERSION = 1.0;
				PRODUCT_BUNDLE_IDENTIFIER = com.Mavzuna.Checklists01;
				PRODUCT_NAME = "$(TARGET_NAME)";
				SWIFT_EMIT_LOC_STRINGS = YES;
				SWIFT_VERSION = 5.0;
				TARGETED_DEVICE_FAMILY = 1;
			};
			name = Debug;
		};
		D282986F28099D6000B3C773 /* Release */ = {
			isa = XCBuildConfiguration;
			buildSettings = {
				ASSETCATALOG_COMPILER_APPICON_NAME = AppIcon;
				ASSETCATALOG_COMPILER_GLOBAL_ACCENT_COLOR_NAME = AccentColor;
				CODE_SIGN_STYLE = Automatic;
				CURRENT_PROJECT_VERSION = 1;
				GENERATE_INFOPLIST_FILE = YES;
				INFOPLIST_FILE = Checklists01/Info.plist;
				INFOPLIST_KEY_UIApplicationSupportsIndirectInputEvents = YES;
				INFOPLIST_KEY_UILaunchStoryboardName = LaunchScreen;
				INFOPLIST_KEY_UIMainStoryboardFile = Main;
				INFOPLIST_KEY_UISupportedInterfaceOrientations = UIInterfaceOrientationPortrait;
				INFOPLIST_KEY_UISupportedInterfaceOrientations_iPad = "UIInterfaceOrientationPortrait UIInterfaceOrientationPortraitUpsideDown UIInterfaceOrientationLandscapeLeft UIInterfaceOrientationLandscapeRight";
				INFOPLIST_KEY_UISupportedInterfaceOrientations_iPhone = "UIInterfaceOrientationPortrait UIInterfaceOrientationLandscapeLeft UIInterfaceOrientationLandscapeRight";
				LD_RUNPATH_SEARCH_PATHS = (
					"$(inherited)",
					"@executable_path/Frameworks",
				);
				MARKETING_VERSION = 1.0;
				PRODUCT_BUNDLE_IDENTIFIER = com.Mavzuna.Checklists01;
				PRODUCT_NAME = "$(TARGET_NAME)";
				SWIFT_EMIT_LOC_STRINGS = YES;
				SWIFT_VERSION = 5.0;
				TARGETED_DEVICE_FAMILY = 1;
			};
			name = Release;
		};
/* End XCBuildConfiguration section */

/* Begin XCConfigurationList section */
		D282985428099D5B00B3C773 /* Build configuration list for PBXProject "Checklists01" */ = {
			isa = XCConfigurationList;
			buildConfigurations = (
				D282986B28099D6000B3C773 /* Debug */,
				D282986C28099D6000B3C773 /* Release */,
			);
			defaultConfigurationIsVisible = 0;
			defaultConfigurationName = Release;
		};
		D282986D28099D6000B3C773 /* Build configuration list for PBXNativeTarget "Checklists01" */ = {
			isa = XCConfigurationList;
			buildConfigurations = (
				D282986E28099D6000B3C773 /* Debug */,
				D282986F28099D6000B3C773 /* Release */,
			);
			defaultConfigurationIsVisible = 0;
			defaultConfigurationName = Release;
		};
/* End XCConfigurationList section */
	};
	rootObject = D282985128099D5B00B3C773 /* Project object */;
}
